// !$*UTF8*$!
{
	archiveVersion = 1;
	classes = {
	};
	objectVersion = 42;
	objects = {

/* Begin PBXBuildFile section */
		F0A3EE0C2E57D19C00349FD5 /* IOAHCITypes.h in Headers */ = {isa = PBXBuildFile; fileRef = F0A3EE0B2E57D19C00349FD5 /* IOAHCITypes.h */; settings = {ATTRIBUTES = (Public, ); }; };
		F0A3EE0E2E58704900349FD5 /* IOAHCIController.h in Headers */ = {isa = PBXBuildFile; fileRef = F0A3EE0D2E58704900349FD5 /* IOAHCIController.h */; settings = {ATTRIBUTES = (Public, ); }; };
		F0A3EE122E5872D400349FD5 /* IOAHCIPort.h in Headers */ = {isa = PBXBuildFile; fileRef = F0A3EE112E5872D400349FD5 /* IOAHCIPort.h */; settings = {ATTRIBUTES = (Public, ); }; };
		F0A3EE2C2E588E4B00349FD5 /* PureAHCIDriver.h in Headers */ = {isa = PBXBuildFile; fileRef = F0A3EE2A2E588E4B00349FD5 /* PureAHCIDriver.h */; };
		F0A3EE2D2E588E4B00349FD5 /* PureAHCIDriver.cpp in Sources */ = {isa = PBXBuildFile; fileRef = F0A3EE2B2E588E4B00349FD5 /* PureAHCIDriver.cpp */; };
		F0A3EE2F2E593C9100349FD5 /* IOAHCIController.cpp in Sources */ = {isa = PBXBuildFile; fileRef = F0A3EE2E2E593C9100349FD5 /* IOAHCIController.cpp */; };
		F0A3EE312E593D5400349FD5 /* IOAHCIDebug.h in Headers */ = {isa = PBXBuildFile; fileRef = F0A3EE302E593D4F00349FD5 /* IOAHCIDebug.h */; };
/* End PBXBuildFile section */

/* Begin PBXFileReference section */
		F0A3EDF32E57D15900349FD5 /* IOAHCIFamily.kext */ = {isa = PBXFileReference; explicitFileType = wrapper.cfbundle; includeInIndex = 0; path = IOAHCIFamily.kext; sourceTree = BUILT_PRODUCTS_DIR; };
		F0A3EDFF2E57D15F00349FD5 /* Info.plist */ = {isa = PBXFileReference; lastKnownFileType = text.plist.xml; path = Info.plist; sourceTree = "<group>"; };
		F0A3EE0B2E57D19C00349FD5 /* IOAHCITypes.h */ = {isa = PBXFileReference; lastKnownFileType = sourcecode.c.h; path = IOAHCITypes.h; sourceTree = "<group>"; };
		F0A3EE0D2E58704900349FD5 /* IOAHCIController.h */ = {isa = PBXFileReference; lastKnownFileType = sourcecode.c.h; path = IOAHCIController.h; sourceTree = "<group>"; };
		F0A3EE112E5872D400349FD5 /* IOAHCIPort.h */ = {isa = PBXFileReference; lastKnownFileType = sourcecode.c.h; path = IOAHCIPort.h; sourceTree = "<group>"; };
		F0A3EE182E58747000349FD5 /* PureAHCIDriver.kext */ = {isa = PBXFileReference; explicitFileType = wrapper.cfbundle; includeInIndex = 0; path = PureAHCIDriver.kext; sourceTree = BUILT_PRODUCTS_DIR; };
		F0A3EE232E58747600349FD5 /* Info.plist */ = {isa = PBXFileReference; lastKnownFileType = text.plist.xml; path = Info.plist; sourceTree = "<group>"; };
		F0A3EE2A2E588E4B00349FD5 /* PureAHCIDriver.h */ = {isa = PBXFileReference; lastKnownFileType = sourcecode.c.h; path = PureAHCIDriver.h; sourceTree = "<group>"; };
		F0A3EE2B2E588E4B00349FD5 /* PureAHCIDriver.cpp */ = {isa = PBXFileReference; lastKnownFileType = sourcecode.cpp.cpp; path = PureAHCIDriver.cpp; sourceTree = "<group>"; };
		F0A3EE2E2E593C9100349FD5 /* IOAHCIController.cpp */ = {isa = PBXFileReference; lastKnownFileType = sourcecode.cpp.cpp; path = IOAHCIController.cpp; sourceTree = "<group>"; };
		F0A3EE302E593D4F00349FD5 /* IOAHCIDebug.h */ = {isa = PBXFileReference; lastKnownFileType = sourcecode.c.h; path = IOAHCIDebug.h; sourceTree = "<group>"; };
/* End PBXFileReference section */

/* Begin PBXFrameworksBuildPhase section */
		F0A3EDF02E57D15900349FD5 /* Frameworks */ = {
			isa = PBXFrameworksBuildPhase;
			buildActionMask = 2147483647;
			files = (
			);
			runOnlyForDeploymentPostprocessing = 0;
		};
		F0A3EE152E58747000349FD5 /* Frameworks */ = {
			isa = PBXFrameworksBuildPhase;
			buildActionMask = 2147483647;
			files = (
			);
			runOnlyForDeploymentPostprocessing = 0;
		};
/* End PBXFrameworksBuildPhase section */

/* Begin PBXGroup section */
		F0A3EDE72E57D10A00349FD5 = {
			isa = PBXGroup;
			children = (
				F0A3EE062E57D16300349FD5 /* include */,
				F0A3EE022E57D15F00349FD5 /* IOAHCIFamily */,
				F0A3EE262E58747600349FD5 /* PureAHCIDriver */,
				F0A3EDF42E57D15900349FD5 /* Products */,
			);
			sourceTree = "<group>";
		};
		F0A3EDF42E57D15900349FD5 /* Products */ = {
			isa = PBXGroup;
			children = (
				F0A3EDF32E57D15900349FD5 /* IOAHCIFamily.kext */,
				F0A3EE182E58747000349FD5 /* PureAHCIDriver.kext */,
			);
			name = Products;
			sourceTree = "<group>";
		};
		F0A3EE022E57D15F00349FD5 /* IOAHCIFamily */ = {
			isa = PBXGroup;
			children = (
				F0A3EE302E593D4F00349FD5 /* IOAHCIDebug.h */,
				F0A3EDFF2E57D15F00349FD5 /* Info.plist */,
				F0A3EE2E2E593C9100349FD5 /* IOAHCIController.cpp */,
			);
			path = IOAHCIFamily;
			sourceTree = "<group>";
		};
		F0A3EE062E57D16300349FD5 /* include */ = {
			isa = PBXGroup;
			children = (
				F0A3EE072E57D17C00349FD5 /* IOKit */,
			);
			path = include;
			sourceTree = "<group>";
		};
		F0A3EE072E57D17C00349FD5 /* IOKit */ = {
			isa = PBXGroup;
			children = (
				F0A3EE082E57D18000349FD5 /* ahci */,
			);
			path = IOKit;
			sourceTree = "<group>";
		};
		F0A3EE082E57D18000349FD5 /* ahci */ = {
			isa = PBXGroup;
			children = (
				F0A3EE0B2E57D19C00349FD5 /* IOAHCITypes.h */,
				F0A3EE0D2E58704900349FD5 /* IOAHCIController.h */,
				F0A3EE112E5872D400349FD5 /* IOAHCIPort.h */,
			);
			path = ahci;
			sourceTree = "<group>";
		};
		F0A3EE262E58747600349FD5 /* PureAHCIDriver */ = {
			isa = PBXGroup;
			children = (
				F0A3EE232E58747600349FD5 /* Info.plist */,
				F0A3EE2A2E588E4B00349FD5 /* PureAHCIDriver.h */,
				F0A3EE2B2E588E4B00349FD5 /* PureAHCIDriver.cpp */,
			);
			path = PureAHCIDriver;
			sourceTree = "<group>";
		};
/* End PBXGroup section */

/* Begin PBXHeadersBuildPhase section */
		F0A3EDEE2E57D15900349FD5 /* Headers */ = {
			isa = PBXHeadersBuildPhase;
			buildActionMask = 2147483647;
			files = (
				F0A3EE122E5872D400349FD5 /* IOAHCIPort.h in Headers */,
				F0A3EE0E2E58704900349FD5 /* IOAHCIController.h in Headers */,
				F0A3EE0C2E57D19C00349FD5 /* IOAHCITypes.h in Headers */,
				F0A3EE312E593D5400349FD5 /* IOAHCIDebug.h in Headers */,
			);
			runOnlyForDeploymentPostprocessing = 0;
		};
		F0A3EE132E58747000349FD5 /* Headers */ = {
			isa = PBXHeadersBuildPhase;
			buildActionMask = 2147483647;
			files = (
				F0A3EE2C2E588E4B00349FD5 /* PureAHCIDriver.h in Headers */,
			);
			runOnlyForDeploymentPostprocessing = 0;
		};
/* End PBXHeadersBuildPhase section */

/* Begin PBXNativeTarget section */
		F0A3EDF22E57D15900349FD5 /* IOAHCIFamily */ = {
			isa = PBXNativeTarget;
			buildConfigurationList = F0A3EDFE2E57D15900349FD5 /* Build configuration list for PBXNativeTarget "IOAHCIFamily" */;
			buildPhases = (
				F0A3EDEE2E57D15900349FD5 /* Headers */,
				F0A3EDEF2E57D15900349FD5 /* Sources */,
				F0A3EDF02E57D15900349FD5 /* Frameworks */,
				F0A3EDF12E57D15900349FD5 /* Resources */,
			);
			buildRules = (
			);
			dependencies = (
			);
			name = IOAHCIFamily;
			packageProductDependencies = (
			);
			productName = IOAHCIFamily;
			productReference = F0A3EDF32E57D15900349FD5 /* IOAHCIFamily.kext */;
			productType = "com.apple.product-type.kernel-extension";
		};
		F0A3EE172E58747000349FD5 /* PureAHCIDriver */ = {
			isa = PBXNativeTarget;
			buildConfigurationList = F0A3EE222E58747200349FD5 /* Build configuration list for PBXNativeTarget "PureAHCIDriver" */;
			buildPhases = (
				F0A3EE132E58747000349FD5 /* Headers */,
				F0A3EE142E58747000349FD5 /* Sources */,
				F0A3EE152E58747000349FD5 /* Frameworks */,
				F0A3EE162E58747000349FD5 /* Resources */,
			);
			buildRules = (
			);
			dependencies = (
			);
			name = PureAHCIDriver;
			packageProductDependencies = (
			);
			productName = PureAHCIDriver;
			productReference = F0A3EE182E58747000349FD5 /* PureAHCIDriver.kext */;
			productType = "com.apple.product-type.kernel-extension";
		};
/* End PBXNativeTarget section */

/* Begin PBXProject section */
		F0A3EDE82E57D10A00349FD5 /* Project object */ = {
			isa = PBXProject;
			attributes = {
				LastUpgradeCheck = 1640;
				TargetAttributes = {
					F0A3EDF22E57D15900349FD5 = {
						CreatedOnToolsVersion = 16.4;
						ProvisioningStyle = Automatic;
					};
					F0A3EE172E58747000349FD5 = {
						CreatedOnToolsVersion = 16.4;
						ProvisioningStyle = Automatic;
					};
				};
			};
			buildConfigurationList = F0A3EDEB2E57D10A00349FD5 /* Build configuration list for PBXProject "IOAHCIProject" */;
			compatibilityVersion = "Xcode 2.4";
			developmentRegion = en;
			hasScannedForEncodings = 0;
			knownRegions = (
				en,
				Base,
			);
			mainGroup = F0A3EDE72E57D10A00349FD5;
			productRefGroup = F0A3EDF42E57D15900349FD5 /* Products */;
			projectDirPath = "";
			projectRoot = "";
			targets = (
				F0A3EDF22E57D15900349FD5 /* IOAHCIFamily */,
				F0A3EE172E58747000349FD5 /* PureAHCIDriver */,
			);
		};
/* End PBXProject section */

/* Begin PBXResourcesBuildPhase section */
		F0A3EDF12E57D15900349FD5 /* Resources */ = {
			isa = PBXResourcesBuildPhase;
			buildActionMask = 2147483647;
			files = (
			);
			runOnlyForDeploymentPostprocessing = 0;
		};
		F0A3EE162E58747000349FD5 /* Resources */ = {
			isa = PBXResourcesBuildPhase;
			buildActionMask = 2147483647;
			files = (
			);
			runOnlyForDeploymentPostprocessing = 0;
		};
/* End PBXResourcesBuildPhase section */

/* Begin PBXSourcesBuildPhase section */
		F0A3EDEF2E57D15900349FD5 /* Sources */ = {
			isa = PBXSourcesBuildPhase;
			buildActionMask = 2147483647;
			files = (
				F0A3EE2F2E593C9100349FD5 /* IOAHCIController.cpp in Sources */,
			);
			runOnlyForDeploymentPostprocessing = 0;
		};
		F0A3EE142E58747000349FD5 /* Sources */ = {
			isa = PBXSourcesBuildPhase;
			buildActionMask = 2147483647;
			files = (
				F0A3EE2D2E588E4B00349FD5 /* PureAHCIDriver.cpp in Sources */,
			);
			runOnlyForDeploymentPostprocessing = 0;
		};
/* End PBXSourcesBuildPhase section */

/* Begin XCBuildConfiguration section */
		F0A3EDEC2E57D10A00349FD5 /* Debug */ = {
			isa = XCBuildConfiguration;
			buildSettings = {
				SYSTEM_HEADER_SEARCH_PATHS = "${PROJECT_DIR}/include";
			};
			name = Debug;
		};
		F0A3EDED2E57D10A00349FD5 /* Release */ = {
			isa = XCBuildConfiguration;
			buildSettings = {
				SYSTEM_HEADER_SEARCH_PATHS = "${PROJECT_DIR}/include";
			};
			name = Release;
		};
		F0A3EDFB2E57D15900349FD5 /* Debug */ = {
			isa = XCBuildConfiguration;
			buildSettings = {
				ALWAYS_SEARCH_USER_PATHS = NO;
				ASSETCATALOG_COMPILER_GENERATE_SWIFT_ASSET_SYMBOL_EXTENSIONS = YES;
				CLANG_ANALYZER_NONNULL = YES;
				CLANG_ANALYZER_NUMBER_OBJECT_CONVERSION = YES_AGGRESSIVE;
				CLANG_CXX_LANGUAGE_STANDARD = "compiler-default";
				CLANG_ENABLE_MODULES = YES;
				CLANG_ENABLE_OBJC_ARC = YES;
				CLANG_ENABLE_OBJC_WEAK = YES;
				CLANG_WARN_BLOCK_CAPTURE_AUTORELEASING = YES;
				CLANG_WARN_BOOL_CONVERSION = YES;
				CLANG_WARN_COMMA = YES;
				CLANG_WARN_CONSTANT_CONVERSION = YES;
				CLANG_WARN_DEPRECATED_OBJC_IMPLEMENTATIONS = YES;
				CLANG_WARN_DIRECT_OBJC_ISA_USAGE = YES_ERROR;
				CLANG_WARN_DOCUMENTATION_COMMENTS = YES;
				CLANG_WARN_EMPTY_BODY = YES;
				CLANG_WARN_ENUM_CONVERSION = YES;
				CLANG_WARN_INFINITE_RECURSION = YES;
				CLANG_WARN_INT_CONVERSION = YES;
				CLANG_WARN_NON_LITERAL_NULL_CONVERSION = YES;
				CLANG_WARN_OBJC_IMPLICIT_RETAIN_SELF = YES;
				CLANG_WARN_OBJC_LITERAL_CONVERSION = YES;
				CLANG_WARN_OBJC_ROOT_CLASS = YES_ERROR;
				CLANG_WARN_QUOTED_INCLUDE_IN_FRAMEWORK_HEADER = YES;
				CLANG_WARN_RANGE_LOOP_ANALYSIS = YES;
				CLANG_WARN_STRICT_PROTOTYPES = YES;
				CLANG_WARN_SUSPICIOUS_MOVE = YES;
				CLANG_WARN_UNGUARDED_AVAILABILITY = YES_AGGRESSIVE;
				CLANG_WARN_UNREACHABLE_CODE = YES;
				CLANG_WARN__DUPLICATE_METHOD_MATCH = YES;
				CODE_SIGN_STYLE = Automatic;
				COMBINE_HIDPI_IMAGES = YES;
				COPY_PHASE_STRIP = NO;
				CURRENT_PROJECT_VERSION = 1.0.0d1;
				DEBUG_INFORMATION_FORMAT = dwarf;
				ENABLE_STRICT_OBJC_MSGSEND = YES;
				ENABLE_TESTABILITY = YES;
				ENABLE_USER_SCRIPT_SANDBOXING = YES;
				GCC_C_LANGUAGE_STANDARD = "compiler-default";
				GCC_DYNAMIC_NO_PIC = NO;
				GCC_NO_COMMON_BLOCKS = YES;
				GCC_OPTIMIZATION_LEVEL = 0;
				GCC_PREPROCESSOR_DEFINITIONS = (
					"DEBUG=1",
					"$(inherited)",
				);
				GCC_WARN_64_TO_32_BIT_CONVERSION = YES;
				GCC_WARN_ABOUT_RETURN_TYPE = YES_ERROR;
				GCC_WARN_UNDECLARED_SELECTOR = YES;
				GCC_WARN_UNINITIALIZED_AUTOS = YES_AGGRESSIVE;
				GCC_WARN_UNUSED_FUNCTION = YES;
				GCC_WARN_UNUSED_VARIABLE = YES;
				GENERATE_INFOPLIST_FILE = YES;
				INFOPLIST_FILE = IOAHCIFamily/Info.plist;
				INFOPLIST_KEY_NSHumanReadableCopyright = "";
				KEXT_FAMILY_NAME = IOKit/ahci;
				LOCALIZATION_PREFERS_STRING_CATALOGS = YES;
				MACOSX_DEPLOYMENT_TARGET = 10.13;
				MARKETING_VERSION = 1.0;
				MODULE_NAME = org.puredarwin.iokit.IOAHCIFamily;
				MODULE_VERSION = 1.0.0d1;
				MTL_ENABLE_DEBUG_INFO = INCLUDE_SOURCE;
				MTL_FAST_MATH = YES;
				ONLY_ACTIVE_ARCH = YES;
				PRODUCT_BUNDLE_IDENTIFIER = org.puredarwin.iokit.IOAHCIFamily;
				PRODUCT_NAME = "$(TARGET_NAME)";
				RUN_CLANG_STATIC_ANALYZER = YES;
				SDKROOT = macosx;
				SWIFT_EMIT_LOC_STRINGS = YES;
				WRAPPER_EXTENSION = kext;
			};
			name = Debug;
		};
		F0A3EDFC2E57D15900349FD5 /* Release */ = {
			isa = XCBuildConfiguration;
			buildSettings = {
				ALWAYS_SEARCH_USER_PATHS = NO;
				ASSETCATALOG_COMPILER_GENERATE_SWIFT_ASSET_SYMBOL_EXTENSIONS = YES;
				CLANG_ANALYZER_NONNULL = YES;
				CLANG_ANALYZER_NUMBER_OBJECT_CONVERSION = YES_AGGRESSIVE;
				CLANG_CXX_LANGUAGE_STANDARD = "compiler-default";
				CLANG_ENABLE_MODULES = YES;
				CLANG_ENABLE_OBJC_ARC = YES;
				CLANG_ENABLE_OBJC_WEAK = YES;
				CLANG_WARN_BLOCK_CAPTURE_AUTORELEASING = YES;
				CLANG_WARN_BOOL_CONVERSION = YES;
				CLANG_WARN_COMMA = YES;
				CLANG_WARN_CONSTANT_CONVERSION = YES;
				CLANG_WARN_DEPRECATED_OBJC_IMPLEMENTATIONS = YES;
				CLANG_WARN_DIRECT_OBJC_ISA_USAGE = YES_ERROR;
				CLANG_WARN_DOCUMENTATION_COMMENTS = YES;
				CLANG_WARN_EMPTY_BODY = YES;
				CLANG_WARN_ENUM_CONVERSION = YES;
				CLANG_WARN_INFINITE_RECURSION = YES;
				CLANG_WARN_INT_CONVERSION = YES;
				CLANG_WARN_NON_LITERAL_NULL_CONVERSION = YES;
				CLANG_WARN_OBJC_IMPLICIT_RETAIN_SELF = YES;
				CLANG_WARN_OBJC_LITERAL_CONVERSION = YES;
				CLANG_WARN_OBJC_ROOT_CLASS = YES_ERROR;
				CLANG_WARN_QUOTED_INCLUDE_IN_FRAMEWORK_HEADER = YES;
				CLANG_WARN_RANGE_LOOP_ANALYSIS = YES;
				CLANG_WARN_STRICT_PROTOTYPES = YES;
				CLANG_WARN_SUSPICIOUS_MOVE = YES;
				CLANG_WARN_UNGUARDED_AVAILABILITY = YES_AGGRESSIVE;
				CLANG_WARN_UNREACHABLE_CODE = YES;
				CLANG_WARN__DUPLICATE_METHOD_MATCH = YES;
				CODE_SIGN_STYLE = Automatic;
				COMBINE_HIDPI_IMAGES = YES;
				COPY_PHASE_STRIP = NO;
				CURRENT_PROJECT_VERSION = 1.0.0d1;
				DEBUG_INFORMATION_FORMAT = "dwarf-with-dsym";
				ENABLE_NS_ASSERTIONS = NO;
				ENABLE_STRICT_OBJC_MSGSEND = YES;
				ENABLE_USER_SCRIPT_SANDBOXING = YES;
				GCC_C_LANGUAGE_STANDARD = "compiler-default";
				GCC_NO_COMMON_BLOCKS = YES;
				GCC_WARN_64_TO_32_BIT_CONVERSION = YES;
				GCC_WARN_ABOUT_RETURN_TYPE = YES_ERROR;
				GCC_WARN_UNDECLARED_SELECTOR = YES;
				GCC_WARN_UNINITIALIZED_AUTOS = YES_AGGRESSIVE;
				GCC_WARN_UNUSED_FUNCTION = YES;
				GCC_WARN_UNUSED_VARIABLE = YES;
				GENERATE_INFOPLIST_FILE = YES;
				INFOPLIST_FILE = IOAHCIFamily/Info.plist;
				INFOPLIST_KEY_NSHumanReadableCopyright = "";
				KEXT_FAMILY_NAME = IOKit/ahci;
				LOCALIZATION_PREFERS_STRING_CATALOGS = YES;
				MACOSX_DEPLOYMENT_TARGET = 10.13;
				MARKETING_VERSION = 1.0;
				MODULE_NAME = org.puredarwin.iokit.IOAHCIFamily;
				MODULE_VERSION = 1.0.0d1;
				MTL_ENABLE_DEBUG_INFO = NO;
				MTL_FAST_MATH = YES;
				PRODUCT_BUNDLE_IDENTIFIER = org.puredarwin.iokit.IOAHCIFamily;
				PRODUCT_NAME = "$(TARGET_NAME)";
				RUN_CLANG_STATIC_ANALYZER = YES;
				SDKROOT = macosx;
				SWIFT_EMIT_LOC_STRINGS = YES;
				WRAPPER_EXTENSION = kext;
			};
			name = Release;
		};
		F0A3EE1F2E58747000349FD5 /* Debug */ = {
			isa = XCBuildConfiguration;
			buildSettings = {
				ALWAYS_SEARCH_USER_PATHS = NO;
				ASSETCATALOG_COMPILER_GENERATE_SWIFT_ASSET_SYMBOL_EXTENSIONS = YES;
				CLANG_ANALYZER_NONNULL = YES;
				CLANG_ANALYZER_NUMBER_OBJECT_CONVERSION = YES_AGGRESSIVE;
				CLANG_CXX_LANGUAGE_STANDARD = "compiler-default";
				CLANG_ENABLE_MODULES = YES;
				CLANG_ENABLE_OBJC_ARC = YES;
				CLANG_ENABLE_OBJC_WEAK = YES;
				CLANG_WARN_BLOCK_CAPTURE_AUTORELEASING = YES;
				CLANG_WARN_BOOL_CONVERSION = YES;
				CLANG_WARN_COMMA = YES;
				CLANG_WARN_CONSTANT_CONVERSION = YES;
				CLANG_WARN_DEPRECATED_OBJC_IMPLEMENTATIONS = YES;
				CLANG_WARN_DIRECT_OBJC_ISA_USAGE = YES_ERROR;
				CLANG_WARN_DOCUMENTATION_COMMENTS = YES;
				CLANG_WARN_EMPTY_BODY = YES;
				CLANG_WARN_ENUM_CONVERSION = YES;
				CLANG_WARN_INFINITE_RECURSION = YES;
				CLANG_WARN_INT_CONVERSION = YES;
				CLANG_WARN_NON_LITERAL_NULL_CONVERSION = YES;
				CLANG_WARN_OBJC_IMPLICIT_RETAIN_SELF = YES;
				CLANG_WARN_OBJC_LITERAL_CONVERSION = YES;
				CLANG_WARN_OBJC_ROOT_CLASS = YES_ERROR;
				CLANG_WARN_QUOTED_INCLUDE_IN_FRAMEWORK_HEADER = YES;
				CLANG_WARN_RANGE_LOOP_ANALYSIS = YES;
				CLANG_WARN_STRICT_PROTOTYPES = YES;
				CLANG_WARN_SUSPICIOUS_MOVE = YES;
				CLANG_WARN_UNGUARDED_AVAILABILITY = YES_AGGRESSIVE;
				CLANG_WARN_UNREACHABLE_CODE = YES;
				CLANG_WARN__DUPLICATE_METHOD_MATCH = YES;
				CODE_SIGN_STYLE = Automatic;
				COMBINE_HIDPI_IMAGES = YES;
				COPY_PHASE_STRIP = NO;
				CURRENT_PROJECT_VERSION = 1.0.0d1;
				DEBUG_INFORMATION_FORMAT = dwarf;
				ENABLE_STRICT_OBJC_MSGSEND = YES;
				ENABLE_TESTABILITY = YES;
				ENABLE_USER_SCRIPT_SANDBOXING = YES;
				GCC_C_LANGUAGE_STANDARD = "compiler-default";
				GCC_DYNAMIC_NO_PIC = NO;
				GCC_NO_COMMON_BLOCKS = YES;
				GCC_OPTIMIZATION_LEVEL = 0;
				GCC_PREPROCESSOR_DEFINITIONS = (
					"DEBUG=1",
					"$(inherited)",
				);
				GCC_WARN_64_TO_32_BIT_CONVERSION = YES;
				GCC_WARN_ABOUT_RETURN_TYPE = YES_ERROR;
				GCC_WARN_UNDECLARED_SELECTOR = YES;
				GCC_WARN_UNINITIALIZED_AUTOS = YES_AGGRESSIVE;
				GCC_WARN_UNUSED_FUNCTION = YES;
				GCC_WARN_UNUSED_VARIABLE = YES;
				GENERATE_INFOPLIST_FILE = YES;
				INFOPLIST_FILE = PureAHCIDriver/Info.plist;
				INFOPLIST_KEY_NSHumanReadableCopyright = "";
				LOCALIZATION_PREFERS_STRING_CATALOGS = YES;
				MACOSX_DEPLOYMENT_TARGET = 10.13;
				MARKETING_VERSION = 1.0;
				MODULE_NAME = org.puredarwin.driver.PureAHCIDriver;
				MODULE_VERSION = 1.0.0d1;
				MTL_ENABLE_DEBUG_INFO = INCLUDE_SOURCE;
				MTL_FAST_MATH = YES;
				ONLY_ACTIVE_ARCH = YES;
				PRODUCT_BUNDLE_IDENTIFIER = org.puredarwin.driver.PureAHCIDriver;
				PRODUCT_NAME = "$(TARGET_NAME)";
				RUN_CLANG_STATIC_ANALYZER = YES;
				SDKROOT = macosx;
				SWIFT_EMIT_LOC_STRINGS = YES;
				WRAPPER_EXTENSION = kext;
			};
			name = Debug;
		};
		F0A3EE202E58747000349FD5 /* Release */ = {
			isa = XCBuildConfiguration;
			buildSettings = {
				ALWAYS_SEARCH_USER_PATHS = NO;
				ASSETCATALOG_COMPILER_GENERATE_SWIFT_ASSET_SYMBOL_EXTENSIONS = YES;
				CLANG_ANALYZER_NONNULL = YES;
				CLANG_ANALYZER_NUMBER_OBJECT_CONVERSION = YES_AGGRESSIVE;
				CLANG_CXX_LANGUAGE_STANDARD = "compiler-default";
				CLANG_ENABLE_MODULES = YES;
				CLANG_ENABLE_OBJC_ARC = YES;
				CLANG_ENABLE_OBJC_WEAK = YES;
				CLANG_WARN_BLOCK_CAPTURE_AUTORELEASING = YES;
				CLANG_WARN_BOOL_CONVERSION = YES;
				CLANG_WARN_COMMA = YES;
				CLANG_WARN_CONSTANT_CONVERSION = YES;
				CLANG_WARN_DEPRECATED_OBJC_IMPLEMENTATIONS = YES;
				CLANG_WARN_DIRECT_OBJC_ISA_USAGE = YES_ERROR;
				CLANG_WARN_DOCUMENTATION_COMMENTS = YES;
				CLANG_WARN_EMPTY_BODY = YES;
				CLANG_WARN_ENUM_CONVERSION = YES;
				CLANG_WARN_INFINITE_RECURSION = YES;
				CLANG_WARN_INT_CONVERSION = YES;
				CLANG_WARN_NON_LITERAL_NULL_CONVERSION = YES;
				CLANG_WARN_OBJC_IMPLICIT_RETAIN_SELF = YES;
				CLANG_WARN_OBJC_LITERAL_CONVERSION = YES;
				CLANG_WARN_OBJC_ROOT_CLASS = YES_ERROR;
				CLANG_WARN_QUOTED_INCLUDE_IN_FRAMEWORK_HEADER = YES;
				CLANG_WARN_RANGE_LOOP_ANALYSIS = YES;
				CLANG_WARN_STRICT_PROTOTYPES = YES;
				CLANG_WARN_SUSPICIOUS_MOVE = YES;
				CLANG_WARN_UNGUARDED_AVAILABILITY = YES_AGGRESSIVE;
				CLANG_WARN_UNREACHABLE_CODE = YES;
				CLANG_WARN__DUPLICATE_METHOD_MATCH = YES;
				CODE_SIGN_STYLE = Automatic;
				COMBINE_HIDPI_IMAGES = YES;
				COPY_PHASE_STRIP = NO;
				CURRENT_PROJECT_VERSION = 1.0.0d1;
				DEBUG_INFORMATION_FORMAT = "dwarf-with-dsym";
				ENABLE_NS_ASSERTIONS = NO;
				ENABLE_STRICT_OBJC_MSGSEND = YES;
				ENABLE_USER_SCRIPT_SANDBOXING = YES;
				GCC_C_LANGUAGE_STANDARD = "compiler-default";
				GCC_NO_COMMON_BLOCKS = YES;
				GCC_WARN_64_TO_32_BIT_CONVERSION = YES;
				GCC_WARN_ABOUT_RETURN_TYPE = YES_ERROR;
				GCC_WARN_UNDECLARED_SELECTOR = YES;
				GCC_WARN_UNINITIALIZED_AUTOS = YES_AGGRESSIVE;
				GCC_WARN_UNUSED_FUNCTION = YES;
				GCC_WARN_UNUSED_VARIABLE = YES;
				GENERATE_INFOPLIST_FILE = YES;
				INFOPLIST_FILE = PureAHCIDriver/Info.plist;
				INFOPLIST_KEY_NSHumanReadableCopyright = "";
				LOCALIZATION_PREFERS_STRING_CATALOGS = YES;
				MACOSX_DEPLOYMENT_TARGET = 10.13;
				MARKETING_VERSION = 1.0;
				MODULE_NAME = org.puredarwin.driver.PureAHCIDriver;
				MODULE_VERSION = 1.0.0d1;
				MTL_ENABLE_DEBUG_INFO = NO;
				MTL_FAST_MATH = YES;
				PRODUCT_BUNDLE_IDENTIFIER = org.puredarwin.driver.PureAHCIDriver;
				PRODUCT_NAME = "$(TARGET_NAME)";
				RUN_CLANG_STATIC_ANALYZER = YES;
				SDKROOT = macosx;
				SWIFT_EMIT_LOC_STRINGS = YES;
				WRAPPER_EXTENSION = kext;
			};
			name = Release;
		};
/* End XCBuildConfiguration section */

/* Begin XCConfigurationList section */
		F0A3EDEB2E57D10A00349FD5 /* Build configuration list for PBXProject "IOAHCIProject" */ = {
			isa = XCConfigurationList;
			buildConfigurations = (
				F0A3EDEC2E57D10A00349FD5 /* Debug */,
				F0A3EDED2E57D10A00349FD5 /* Release */,
			);
			defaultConfigurationIsVisible = 0;
			defaultConfigurationName = Release;
		};
		F0A3EDFE2E57D15900349FD5 /* Build configuration list for PBXNativeTarget "IOAHCIFamily" */ = {
			isa = XCConfigurationList;
			buildConfigurations = (
				F0A3EDFB2E57D15900349FD5 /* Debug */,
				F0A3EDFC2E57D15900349FD5 /* Release */,
			);
			defaultConfigurationIsVisible = 0;
			defaultConfigurationName = Release;
		};
		F0A3EE222E58747200349FD5 /* Build configuration list for PBXNativeTarget "PureAHCIDriver" */ = {
			isa = XCConfigurationList;
			buildConfigurations = (
				F0A3EE1F2E58747000349FD5 /* Debug */,
				F0A3EE202E58747000349FD5 /* Release */,
			);
			defaultConfigurationIsVisible = 0;
			defaultConfigurationName = Release;
		};
/* End XCConfigurationList section */
	};
	rootObject = F0A3EDE82E57D10A00349FD5 /* Project object */;
}
